
Microsoft Visual Studio Solution File, Format Version 12.00
# Visual Studio Version 16
VisualStudioVersion = 16.0.31613.86
MinimumVisualStudioVersion = 10.0.40219.1
Project("{FAE04EC0-301F-11D3-BF4B-00C04F79EFBC}") = "AdminTetherport", "AdminTetherport.csproj", "{50155591-FC22-4059-9AFF-F5B8BA0F31BD}"
EndProject
Global
	GlobalSection(SolutionConfigurationPlatforms) = preSolution
		Debug|Any CPU = Debug|Any CPU
		Release|Any CPU = Release|Any CPU
	EndGlobalSection
	GlobalSection(ProjectConfigurationPlatforms) = postSolution
		{50155591-FC22-4059-9AFF-F5B8BA0F31BD}.Debug|Any CPU.ActiveCfg = Debug|Any CPU
		{50155591-FC22-4059-9AFF-F5B8BA0F31BD}.Debug|Any CPU.Build.0 = Debug|Any CPU
		{50155591-FC22-4059-9AFF-F5B8BA0F31BD}.Release|Any CPU.ActiveCfg = Release|Any CPU
		{50155591-FC22-4059-9AFF-F5B8BA0F31BD}.Release|Any CPU.Build.0 = Release|Any CPU
	EndGlobalSection
	GlobalSection(SolutionProperties) = preSolution
		HideSolutionNode = FALSE
	EndGlobalSection
	GlobalSection(ExtensibilityGlobals) = postSolution
		SolutionGuid = {C8B10345-A3B9-4013-99FF-AA95118FD97D}
	EndGlobalSection
EndGlobal
